
Microsoft Visual Studio Solution File, Format Version 12.00
# Visual Studio Version 16
VisualStudioVersion = 16.0.32228.343
MinimumVisualStudioVersion = 10.0.40219.1
Project("{FAE04EC0-301F-11D3-BF4B-00C04F79EFBC}") = "Test_01", "Test_01\Test_01.csproj", "{8A70E1A0-22E9-468F-9A5E-A57B628F4B5A}"
EndProject
Global
	GlobalSection(SolutionConfigurationPlatforms) = preSolution
		Debug|Any CPU = Debug|Any CPU
		Release|Any CPU = Release|Any CPU
	EndGlobalSection
	GlobalSection(ProjectConfigurationPlatforms) = postSolution
		{8A70E1A0-22E9-468F-9A5E-A57B628F4B5A}.Debug|Any CPU.ActiveCfg = Debug|Any CPU
		{8A70E1A0-22E9-468F-9A5E-A57B628F4B5A}.Debug|Any CPU.Build.0 = Debug|Any CPU
		{8A70E1A0-22E9-468F-9A5E-A57B628F4B5A}.Release|Any CPU.ActiveCfg = Release|Any CPU
		{8A70E1A0-22E9-468F-9A5E-A57B628F4B5A}.Release|Any CPU.Build.0 = Release|Any CPU
	EndGlobalSection
	GlobalSection(SolutionProperties) = preSolution
		HideSolutionNode = FALSE
	EndGlobalSection
	GlobalSection(ExtensibilityGlobals) = postSolution
		SolutionGuid = {7F397BD1-0D68-49DB-9E65-28571C6E6FB8}
	EndGlobalSection
EndGlobal
